
Microsoft Visual Studio Solution File, Format Version 12.00
# Visual Studio Version 17
VisualStudioVersion = 17.10.34928.147
MinimumVisualStudioVersion = 10.0.40219.1
Project("{FAE04EC0-301F-11D3-BF4B-00C04F79EFBC}") = "SportRecords", "SportRecords\SportRecords.csproj", "{11D619CA-E1B3-459B-8E59-C1D751F35616}"
EndProject
Global
	GlobalSection(SolutionConfigurationPlatforms) = preSolution
		Debug|Any CPU = Debug|Any CPU
		Release|Any CPU = Release|Any CPU
	EndGlobalSection
	GlobalSection(ProjectConfigurationPlatforms) = postSolution
		{11D619CA-E1B3-459B-8E59-C1D751F35616}.Debug|Any CPU.ActiveCfg = Debug|Any CPU
		{11D619CA-E1B3-459B-8E59-C1D751F35616}.Debug|Any CPU.Build.0 = Debug|Any CPU
		{11D619CA-E1B3-459B-8E59-C1D751F35616}.Release|Any CPU.ActiveCfg = Release|Any CPU
		{11D619CA-E1B3-459B-8E59-C1D751F35616}.Release|Any CPU.Build.0 = Release|Any CPU
	EndGlobalSection
	GlobalSection(SolutionProperties) = preSolution
		HideSolutionNode = FALSE
	EndGlobalSection
	GlobalSection(ExtensibilityGlobals) = postSolution
		SolutionGuid = {601511A0-AC88-4A3F-8018-D9CCB01E117C}
	EndGlobalSection
EndGlobal
